
Microsoft Visual Studio Solution File, Format Version 12.00
# Visual Studio 2013
VisualStudioVersion = 12.0.21005.1
MinimumVisualStudioVersion = 10.0.40219.1
Project("{FAE04EC0-301F-11D3-BF4B-00C04F79EFBC}") = "usingStatement", "usingStatement\usingStatement.csproj", "{63F46B2C-FDC0-4BDA-9EC9-A37408E4BDCC}"
EndProject
Project("{FAE04EC0-301F-11D3-BF4B-00C04F79EFBC}") = "TestNamespace", "TestNamespace\TestNamespace.csproj", "{740BB0F3-E1B6-4BAE-811C-E039225E0F20}"
EndProject
Global
	GlobalSection(SolutionConfigurationPlatforms) = preSolution
		Debug|Any CPU = Debug|Any CPU
		Release|Any CPU = Release|Any CPU
	EndGlobalSection
	GlobalSection(ProjectConfigurationPlatforms) = postSolution
		{63F46B2C-FDC0-4BDA-9EC9-A37408E4BDCC}.Debug|Any CPU.ActiveCfg = Debug|Any CPU
		{63F46B2C-FDC0-4BDA-9EC9-A37408E4BDCC}.Debug|Any CPU.Build.0 = Debug|Any CPU
		{63F46B2C-FDC0-4BDA-9EC9-A37408E4BDCC}.Release|Any CPU.ActiveCfg = Release|Any CPU
		{63F46B2C-FDC0-4BDA-9EC9-A37408E4BDCC}.Release|Any CPU.Build.0 = Release|Any CPU
		{740BB0F3-E1B6-4BAE-811C-E039225E0F20}.Debug|Any CPU.ActiveCfg = Debug|Any CPU
		{740BB0F3-E1B6-4BAE-811C-E039225E0F20}.Debug|Any CPU.Build.0 = Debug|Any CPU
		{740BB0F3-E1B6-4BAE-811C-E039225E0F20}.Release|Any CPU.ActiveCfg = Release|Any CPU
		{740BB0F3-E1B6-4BAE-811C-E039225E0F20}.Release|Any CPU.Build.0 = Release|Any CPU
	EndGlobalSection
	GlobalSection(SolutionProperties) = preSolution
		HideSolutionNode = FALSE
	EndGlobalSection
EndGlobal
